
Microsoft Visual Studio Solution File, Format Version 12.00
# Visual Studio 15
Project("{FAE04EC0-301F-11D3-BF4B-00C04F79EFBC}") = "ToggleSelections.Android", "ToggleSelections.Android\ToggleSelections.Android.csproj", "{BEB21FA2-D442-4457-8206-DE08C27744D1}"
EndProject
Project("{FAE04EC0-301F-11D3-BF4B-00C04F79EFBC}") = "ToggleSelections.iOS", "ToggleSelections.iOS\ToggleSelections.iOS.csproj", "{282086E6-4A62-45B6-84D7-3BF4AD7B4725}"
EndProject
Project("{FAE04EC0-301F-11D3-BF4B-00C04F79EFBC}") = "ToggleSelections", "ToggleSelections\ToggleSelections.csproj", "{BA258DBA-978F-495F-A29D-F52AEAD15FD6}"
EndProject
Global
	GlobalSection(SolutionConfigurationPlatforms) = preSolution
		Debug|Any CPU = Debug|Any CPU
		Release|Any CPU = Release|Any CPU
		Debug|iPhoneSimulator = Debug|iPhoneSimulator
		Release|iPhoneSimulator = Release|iPhoneSimulator
		Debug|iPhone = Debug|iPhone
		Release|iPhone = Release|iPhone
	EndGlobalSection
	GlobalSection(ProjectConfigurationPlatforms) = postSolution
		{BEB21FA2-D442-4457-8206-DE08C27744D1}.Debug|Any CPU.ActiveCfg = Debug|Any CPU
		{BEB21FA2-D442-4457-8206-DE08C27744D1}.Debug|Any CPU.Build.0 = Debug|Any CPU
		{BEB21FA2-D442-4457-8206-DE08C27744D1}.Release|Any CPU.ActiveCfg = Release|Any CPU
		{BEB21FA2-D442-4457-8206-DE08C27744D1}.Release|Any CPU.Build.0 = Release|Any CPU
		{BEB21FA2-D442-4457-8206-DE08C27744D1}.Debug|iPhoneSimulator.ActiveCfg = Debug|Any CPU
		{BEB21FA2-D442-4457-8206-DE08C27744D1}.Debug|iPhoneSimulator.Build.0 = Debug|Any CPU
		{BEB21FA2-D442-4457-8206-DE08C27744D1}.Release|iPhoneSimulator.ActiveCfg = Release|Any CPU
		{BEB21FA2-D442-4457-8206-DE08C27744D1}.Release|iPhoneSimulator.Build.0 = Release|Any CPU
		{BEB21FA2-D442-4457-8206-DE08C27744D1}.Debug|iPhone.ActiveCfg = Debug|Any CPU
		{BEB21FA2-D442-4457-8206-DE08C27744D1}.Debug|iPhone.Build.0 = Debug|Any CPU
		{BEB21FA2-D442-4457-8206-DE08C27744D1}.Release|iPhone.ActiveCfg = Release|Any CPU
		{BEB21FA2-D442-4457-8206-DE08C27744D1}.Release|iPhone.Build.0 = Release|Any CPU
		{282086E6-4A62-45B6-84D7-3BF4AD7B4725}.Debug|Any CPU.ActiveCfg = Debug|iPhoneSimulator
		{282086E6-4A62-45B6-84D7-3BF4AD7B4725}.Debug|Any CPU.Build.0 = Debug|iPhoneSimulator
		{282086E6-4A62-45B6-84D7-3BF4AD7B4725}.Release|Any CPU.ActiveCfg = Release|iPhoneSimulator
		{282086E6-4A62-45B6-84D7-3BF4AD7B4725}.Release|Any CPU.Build.0 = Release|iPhoneSimulator
		{282086E6-4A62-45B6-84D7-3BF4AD7B4725}.Debug|iPhoneSimulator.ActiveCfg = Debug|iPhoneSimulator
		{282086E6-4A62-45B6-84D7-3BF4AD7B4725}.Debug|iPhoneSimulator.Build.0 = Debug|iPhoneSimulator
		{282086E6-4A62-45B6-84D7-3BF4AD7B4725}.Release|iPhoneSimulator.ActiveCfg = Release|iPhoneSimulator
		{282086E6-4A62-45B6-84D7-3BF4AD7B4725}.Release|iPhoneSimulator.Build.0 = Release|iPhoneSimulator
		{282086E6-4A62-45B6-84D7-3BF4AD7B4725}.Debug|iPhone.ActiveCfg = Debug|iPhone
		{282086E6-4A62-45B6-84D7-3BF4AD7B4725}.Debug|iPhone.Build.0 = Debug|iPhone
		{282086E6-4A62-45B6-84D7-3BF4AD7B4725}.Release|iPhone.ActiveCfg = Release|iPhone
		{282086E6-4A62-45B6-84D7-3BF4AD7B4725}.Release|iPhone.Build.0 = Release|iPhone
		{BA258DBA-978F-495F-A29D-F52AEAD15FD6}.Debug|Any CPU.ActiveCfg = Debug|Any CPU
		{BA258DBA-978F-495F-A29D-F52AEAD15FD6}.Debug|Any CPU.Build.0 = Debug|Any CPU
		{BA258DBA-978F-495F-A29D-F52AEAD15FD6}.Release|Any CPU.ActiveCfg = Release|Any CPU
		{BA258DBA-978F-495F-A29D-F52AEAD15FD6}.Release|Any CPU.Build.0 = Release|Any CPU
		{BA258DBA-978F-495F-A29D-F52AEAD15FD6}.Debug|iPhoneSimulator.ActiveCfg = Debug|Any CPU
		{BA258DBA-978F-495F-A29D-F52AEAD15FD6}.Debug|iPhoneSimulator.Build.0 = Debug|Any CPU
		{BA258DBA-978F-495F-A29D-F52AEAD15FD6}.Release|iPhoneSimulator.ActiveCfg = Release|Any CPU
		{BA258DBA-978F-495F-A29D-F52AEAD15FD6}.Release|iPhoneSimulator.Build.0 = Release|Any CPU
		{BA258DBA-978F-495F-A29D-F52AEAD15FD6}.Debug|iPhone.ActiveCfg = Debug|Any CPU
		{BA258DBA-978F-495F-A29D-F52AEAD15FD6}.Debug|iPhone.Build.0 = Debug|Any CPU
		{BA258DBA-978F-495F-A29D-F52AEAD15FD6}.Release|iPhone.ActiveCfg = Release|Any CPU
		{BA258DBA-978F-495F-A29D-F52AEAD15FD6}.Release|iPhone.Build.0 = Release|Any CPU
	EndGlobalSection
EndGlobal
